
Microsoft Visual Studio Solution File, Format Version 12.00
# Visual Studio Version 17
VisualStudioVersion = 17.10.34928.147
MinimumVisualStudioVersion = 10.0.40219.1
Project("{2150E333-8FDC-42A3-9474-1A3956D46DE8}") = "src", "src", "{50A8C62C-B8B8-4FA5-8D8A-8576C0BED027}"
EndProject
Project("{2150E333-8FDC-42A3-9474-1A3956D46DE8}") = "Çözüm Öğeleri", "Çözüm Öğeleri", "{8EFBC343-6A8D-48C4-9885-F47FC0682F44}"
	ProjectSection(SolutionItems) = preProject
		ServivceUrls.txt = ServivceUrls.txt
	EndProjectSection
EndProject
Project("{2150E333-8FDC-42A3-9474-1A3956D46DE8}") = "ApiGateways", "ApiGateways", "{ADCFE744-ED92-4782-B729-E7B64AE27F44}"
EndProject
Project("{2150E333-8FDC-42A3-9474-1A3956D46DE8}") = "BuildingBlocks", "BuildingBlocks", "{EEF0155E-9963-43CB-B613-9FE4DA339EB4}"
EndProject
Project("{2150E333-8FDC-42A3-9474-1A3956D46DE8}") = "Services", "Services", "{57E1ECA8-B142-4C98-A7DC-7819224C3303}"
EndProject
Project("{2150E333-8FDC-42A3-9474-1A3956D46DE8}") = "Clients", "Clients", "{FA48367F-7592-461A-A2B6-099B2FCE92E2}"
EndProject
Project("{2150E333-8FDC-42A3-9474-1A3956D46DE8}") = "WebApiGateway", "WebApiGateway", "{F017F84A-4F7E-4622-9368-A102A85F3D3D}"
EndProject
Project("{FAE04EC0-301F-11D3-BF4B-00C04F79EFBC}") = "Web.ApiGateway", "src\ApiGateways\WebApiGateway\Web.ApiGateway\Web.ApiGateway.csproj", "{FC92AE6E-0A4E-4965-A56E-1335F9427DC8}"
EndProject
Project("{2150E333-8FDC-42A3-9474-1A3956D46DE8}") = "EventBus", "EventBus", "{CC88528F-0A08-4C92-BDA8-B41D081811EE}"
EndProject
Project("{FAE04EC0-301F-11D3-BF4B-00C04F79EFBC}") = "EventBus.Base", "src\BuildingBlocks\EventBus\EventBus.Base\EventBus.Base.csproj", "{32B5F574-398D-4E6E-B4DD-BDADB3C1A664}"
EndProject
Project("{FAE04EC0-301F-11D3-BF4B-00C04F79EFBC}") = "EventBus.Factory", "src\BuildingBlocks\EventBus\EventBus.Factory\EventBus.Factory.csproj", "{4BCAD577-E1EB-4FA0-B8EB-84E6065EC1F5}"
EndProject
Project("{FAE04EC0-301F-11D3-BF4B-00C04F79EFBC}") = "EventBus.AzureServiceBus", "src\BuildingBlocks\EventBus\EventBus.AzureServiceBus\EventBus.AzureServiceBus.csproj", "{5BA45590-8985-49A4-AE31-4C8911C8AADB}"
EndProject
Project("{FAE04EC0-301F-11D3-BF4B-00C04F79EFBC}") = "EventBus.RabbitMQ", "src\BuildingBlocks\EventBus\EventBus.RabbitMQ\EventBus.RabbitMQ.csproj", "{60866677-EEB9-43C8-81D4-9EDC2441EFBA}"
EndProject
Project("{2150E333-8FDC-42A3-9474-1A3956D46DE8}") = "BlazorWebApp", "BlazorWebApp", "{E06AAA3A-ABC0-4475-A1D5-B7A34EA80B12}"
EndProject
Project("{FAE04EC0-301F-11D3-BF4B-00C04F79EFBC}") = "WebApp", "src\Clients\BlazorWebApp\WebApp\WebApp.csproj", "{8D1A66B3-319B-4427-9296-72BBA0667A40}"
EndProject
Project("{FAE04EC0-301F-11D3-BF4B-00C04F79EFBC}") = "BasketService.Api", "src\Services\BasketService\BasketService.Api\BasketService.Api.csproj", "{1A5A5B06-7D3B-41CC-A4AB-051B9D7C608A}"
EndProject
Project("{FAE04EC0-301F-11D3-BF4B-00C04F79EFBC}") = "CatalogService.Api", "src\Services\CatalogService\CatalogService.Api\CatalogService.Api.csproj", "{D249F2BF-8EB3-474F-B448-9F360F15583F}"
EndProject
Project("{FAE04EC0-301F-11D3-BF4B-00C04F79EFBC}") = "IdentityService.Api", "src\Services\IdentityService\IdentityService.Api\IdentityService.Api.csproj", "{B4FD191F-87E1-4D41-948D-E149F5337C01}"
EndProject
Project("{2150E333-8FDC-42A3-9474-1A3956D46DE8}") = "NotificationService", "NotificationService", "{510D8DF1-BA43-4B4C-940E-F56442250C72}"
EndProject
Project("{FAE04EC0-301F-11D3-BF4B-00C04F79EFBC}") = "NotificationService", "src\Services\NotificationService\NotificationService\NotificationService.csproj", "{7F7E4705-BF07-4BC2-836C-8BEA36257211}"
EndProject
Project("{2150E333-8FDC-42A3-9474-1A3956D46DE8}") = "OrderService", "OrderService", "{48783C3A-C757-43A0-99EC-04711D910CF6}"
EndProject
Project("{FAE04EC0-301F-11D3-BF4B-00C04F79EFBC}") = "OrderService.Domain", "src\Services\OrderService\OrderService.Domain\OrderService.Domain.csproj", "{F6A66A51-2523-42E4-BD46-76841A68A047}"
EndProject
Project("{FAE04EC0-301F-11D3-BF4B-00C04F79EFBC}") = "OrderService.Application", "src\Services\OrderService\OrderService.Application\OrderService.Application.csproj", "{BD011CCE-1650-4AA6-BE58-1CB4E6338013}"
EndProject
Project("{FAE04EC0-301F-11D3-BF4B-00C04F79EFBC}") = "OrderService.Infrastructure", "src\Services\OrderService\OrderService.Infrastructure\OrderService.Infrastructure.csproj", "{8636EF39-309B-47B8-B7D4-E284FE321B5B}"
EndProject
Project("{FAE04EC0-301F-11D3-BF4B-00C04F79EFBC}") = "OrderService.Api", "src\Services\OrderService\OrderService.Api\OrderService.Api.csproj", "{E93B88B3-6F4A-45B1-A930-5121757DC643}"
EndProject
Project("{2150E333-8FDC-42A3-9474-1A3956D46DE8}") = "PaymentService", "PaymentService", "{8479C38F-2C74-4F75-BE3A-249355BBED86}"
EndProject
Project("{FAE04EC0-301F-11D3-BF4B-00C04F79EFBC}") = "PaymentService.Api", "src\Services\PaymentService\PaymentService.Api\PaymentService.Api.csproj", "{79DE6DCF-AC6D-40F3-A167-F5E3A00EDB1E}"
EndProject
Project("{2150E333-8FDC-42A3-9474-1A3956D46DE8}") = "BasketService", "BasketService", "{81F373F5-3372-47F3-84CB-15ABF25A062D}"
EndProject
Project("{2150E333-8FDC-42A3-9474-1A3956D46DE8}") = "CatalogService", "CatalogService", "{5C5CB7EB-298D-4ED1-B038-B57EF3D6BD76}"
EndProject
Project("{2150E333-8FDC-42A3-9474-1A3956D46DE8}") = "IdentityService", "IdentityService", "{1F7F459C-647B-41B2-B50A-0A117E368BD7}"
EndProject
Global
	GlobalSection(SolutionConfigurationPlatforms) = preSolution
		Debug|Any CPU = Debug|Any CPU
		Release|Any CPU = Release|Any CPU
	EndGlobalSection
	GlobalSection(ProjectConfigurationPlatforms) = postSolution
		{FC92AE6E-0A4E-4965-A56E-1335F9427DC8}.Debug|Any CPU.ActiveCfg = Debug|Any CPU
		{FC92AE6E-0A4E-4965-A56E-1335F9427DC8}.Debug|Any CPU.Build.0 = Debug|Any CPU
		{FC92AE6E-0A4E-4965-A56E-1335F9427DC8}.Release|Any CPU.ActiveCfg = Release|Any CPU
		{FC92AE6E-0A4E-4965-A56E-1335F9427DC8}.Release|Any CPU.Build.0 = Release|Any CPU
		{32B5F574-398D-4E6E-B4DD-BDADB3C1A664}.Debug|Any CPU.ActiveCfg = Debug|Any CPU
		{32B5F574-398D-4E6E-B4DD-BDADB3C1A664}.Debug|Any CPU.Build.0 = Debug|Any CPU
		{32B5F574-398D-4E6E-B4DD-BDADB3C1A664}.Release|Any CPU.ActiveCfg = Release|Any CPU
		{32B5F574-398D-4E6E-B4DD-BDADB3C1A664}.Release|Any CPU.Build.0 = Release|Any CPU
		{4BCAD577-E1EB-4FA0-B8EB-84E6065EC1F5}.Debug|Any CPU.ActiveCfg = Debug|Any CPU
		{4BCAD577-E1EB-4FA0-B8EB-84E6065EC1F5}.Debug|Any CPU.Build.0 = Debug|Any CPU
		{4BCAD577-E1EB-4FA0-B8EB-84E6065EC1F5}.Release|Any CPU.ActiveCfg = Release|Any CPU
		{4BCAD577-E1EB-4FA0-B8EB-84E6065EC1F5}.Release|Any CPU.Build.0 = Release|Any CPU
		{5BA45590-8985-49A4-AE31-4C8911C8AADB}.Debug|Any CPU.ActiveCfg = Debug|Any CPU
		{5BA45590-8985-49A4-AE31-4C8911C8AADB}.Debug|Any CPU.Build.0 = Debug|Any CPU
		{5BA45590-8985-49A4-AE31-4C8911C8AADB}.Release|Any CPU.ActiveCfg = Release|Any CPU
		{5BA45590-8985-49A4-AE31-4C8911C8AADB}.Release|Any CPU.Build.0 = Release|Any CPU
		{60866677-EEB9-43C8-81D4-9EDC2441EFBA}.Debug|Any CPU.ActiveCfg = Debug|Any CPU
		{60866677-EEB9-43C8-81D4-9EDC2441EFBA}.Debug|Any CPU.Build.0 = Debug|Any CPU
		{60866677-EEB9-43C8-81D4-9EDC2441EFBA}.Release|Any CPU.ActiveCfg = Release|Any CPU
		{60866677-EEB9-43C8-81D4-9EDC2441EFBA}.Release|Any CPU.Build.0 = Release|Any CPU
		{8D1A66B3-319B-4427-9296-72BBA0667A40}.Debug|Any CPU.ActiveCfg = Debug|Any CPU
		{8D1A66B3-319B-4427-9296-72BBA0667A40}.Debug|Any CPU.Build.0 = Debug|Any CPU
		{8D1A66B3-319B-4427-9296-72BBA0667A40}.Release|Any CPU.ActiveCfg = Release|Any CPU
		{8D1A66B3-319B-4427-9296-72BBA0667A40}.Release|Any CPU.Build.0 = Release|Any CPU
		{1A5A5B06-7D3B-41CC-A4AB-051B9D7C608A}.Debug|Any CPU.ActiveCfg = Debug|Any CPU
		{1A5A5B06-7D3B-41CC-A4AB-051B9D7C608A}.Debug|Any CPU.Build.0 = Debug|Any CPU
		{1A5A5B06-7D3B-41CC-A4AB-051B9D7C608A}.Release|Any CPU.ActiveCfg = Release|Any CPU
		{1A5A5B06-7D3B-41CC-A4AB-051B9D7C608A}.Release|Any CPU.Build.0 = Release|Any CPU
		{D249F2BF-8EB3-474F-B448-9F360F15583F}.Debug|Any CPU.ActiveCfg = Debug|Any CPU
		{D249F2BF-8EB3-474F-B448-9F360F15583F}.Debug|Any CPU.Build.0 = Debug|Any CPU
		{D249F2BF-8EB3-474F-B448-9F360F15583F}.Release|Any CPU.ActiveCfg = Release|Any CPU
		{D249F2BF-8EB3-474F-B448-9F360F15583F}.Release|Any CPU.Build.0 = Release|Any CPU
		{B4FD191F-87E1-4D41-948D-E149F5337C01}.Debug|Any CPU.ActiveCfg = Debug|Any CPU
		{B4FD191F-87E1-4D41-948D-E149F5337C01}.Debug|Any CPU.Build.0 = Debug|Any CPU
		{B4FD191F-87E1-4D41-948D-E149F5337C01}.Release|Any CPU.ActiveCfg = Release|Any CPU
		{B4FD191F-87E1-4D41-948D-E149F5337C01}.Release|Any CPU.Build.0 = Release|Any CPU
		{7F7E4705-BF07-4BC2-836C-8BEA36257211}.Debug|Any CPU.ActiveCfg = Debug|Any CPU
		{7F7E4705-BF07-4BC2-836C-8BEA36257211}.Debug|Any CPU.Build.0 = Debug|Any CPU
		{7F7E4705-BF07-4BC2-836C-8BEA36257211}.Release|Any CPU.ActiveCfg = Release|Any CPU
		{7F7E4705-BF07-4BC2-836C-8BEA36257211}.Release|Any CPU.Build.0 = Release|Any CPU
		{F6A66A51-2523-42E4-BD46-76841A68A047}.Debug|Any CPU.ActiveCfg = Debug|Any CPU
		{F6A66A51-2523-42E4-BD46-76841A68A047}.Debug|Any CPU.Build.0 = Debug|Any CPU
		{F6A66A51-2523-42E4-BD46-76841A68A047}.Release|Any CPU.ActiveCfg = Release|Any CPU
		{F6A66A51-2523-42E4-BD46-76841A68A047}.Release|Any CPU.Build.0 = Release|Any CPU
		{BD011CCE-1650-4AA6-BE58-1CB4E6338013}.Debug|Any CPU.ActiveCfg = Debug|Any CPU
		{BD011CCE-1650-4AA6-BE58-1CB4E6338013}.Debug|Any CPU.Build.0 = Debug|Any CPU
		{BD011CCE-1650-4AA6-BE58-1CB4E6338013}.Release|Any CPU.ActiveCfg = Release|Any CPU
		{BD011CCE-1650-4AA6-BE58-1CB4E6338013}.Release|Any CPU.Build.0 = Release|Any CPU
		{8636EF39-309B-47B8-B7D4-E284FE321B5B}.Debug|Any CPU.ActiveCfg = Debug|Any CPU
		{8636EF39-309B-47B8-B7D4-E284FE321B5B}.Debug|Any CPU.Build.0 = Debug|Any CPU
		{8636EF39-309B-47B8-B7D4-E284FE321B5B}.Release|Any CPU.ActiveCfg = Release|Any CPU
		{8636EF39-309B-47B8-B7D4-E284FE321B5B}.Release|Any CPU.Build.0 = Release|Any CPU
		{E93B88B3-6F4A-45B1-A930-5121757DC643}.Debug|Any CPU.ActiveCfg = Debug|Any CPU
		{E93B88B3-6F4A-45B1-A930-5121757DC643}.Debug|Any CPU.Build.0 = Debug|Any CPU
		{E93B88B3-6F4A-45B1-A930-5121757DC643}.Release|Any CPU.ActiveCfg = Release|Any CPU
		{E93B88B3-6F4A-45B1-A930-5121757DC643}.Release|Any CPU.Build.0 = Release|Any CPU
		{79DE6DCF-AC6D-40F3-A167-F5E3A00EDB1E}.Debug|Any CPU.ActiveCfg = Debug|Any CPU
		{79DE6DCF-AC6D-40F3-A167-F5E3A00EDB1E}.Debug|Any CPU.Build.0 = Debug|Any CPU
		{79DE6DCF-AC6D-40F3-A167-F5E3A00EDB1E}.Release|Any CPU.ActiveCfg = Release|Any CPU
		{79DE6DCF-AC6D-40F3-A167-F5E3A00EDB1E}.Release|Any CPU.Build.0 = Release|Any CPU
	EndGlobalSection
	GlobalSection(SolutionProperties) = preSolution
		HideSolutionNode = FALSE
	EndGlobalSection
	GlobalSection(NestedProjects) = preSolution
		{ADCFE744-ED92-4782-B729-E7B64AE27F44} = {50A8C62C-B8B8-4FA5-8D8A-8576C0BED027}
		{EEF0155E-9963-43CB-B613-9FE4DA339EB4} = {50A8C62C-B8B8-4FA5-8D8A-8576C0BED027}
		{57E1ECA8-B142-4C98-A7DC-7819224C3303} = {50A8C62C-B8B8-4FA5-8D8A-8576C0BED027}
		{FA48367F-7592-461A-A2B6-099B2FCE92E2} = {50A8C62C-B8B8-4FA5-8D8A-8576C0BED027}
		{F017F84A-4F7E-4622-9368-A102A85F3D3D} = {ADCFE744-ED92-4782-B729-E7B64AE27F44}
		{FC92AE6E-0A4E-4965-A56E-1335F9427DC8} = {F017F84A-4F7E-4622-9368-A102A85F3D3D}
		{CC88528F-0A08-4C92-BDA8-B41D081811EE} = {EEF0155E-9963-43CB-B613-9FE4DA339EB4}
		{32B5F574-398D-4E6E-B4DD-BDADB3C1A664} = {CC88528F-0A08-4C92-BDA8-B41D081811EE}
		{4BCAD577-E1EB-4FA0-B8EB-84E6065EC1F5} = {CC88528F-0A08-4C92-BDA8-B41D081811EE}
		{5BA45590-8985-49A4-AE31-4C8911C8AADB} = {CC88528F-0A08-4C92-BDA8-B41D081811EE}
		{60866677-EEB9-43C8-81D4-9EDC2441EFBA} = {CC88528F-0A08-4C92-BDA8-B41D081811EE}
		{E06AAA3A-ABC0-4475-A1D5-B7A34EA80B12} = {FA48367F-7592-461A-A2B6-099B2FCE92E2}
		{8D1A66B3-319B-4427-9296-72BBA0667A40} = {E06AAA3A-ABC0-4475-A1D5-B7A34EA80B12}
		{1A5A5B06-7D3B-41CC-A4AB-051B9D7C608A} = {81F373F5-3372-47F3-84CB-15ABF25A062D}
		{D249F2BF-8EB3-474F-B448-9F360F15583F} = {5C5CB7EB-298D-4ED1-B038-B57EF3D6BD76}
		{B4FD191F-87E1-4D41-948D-E149F5337C01} = {1F7F459C-647B-41B2-B50A-0A117E368BD7}
		{510D8DF1-BA43-4B4C-940E-F56442250C72} = {57E1ECA8-B142-4C98-A7DC-7819224C3303}
		{7F7E4705-BF07-4BC2-836C-8BEA36257211} = {510D8DF1-BA43-4B4C-940E-F56442250C72}
		{48783C3A-C757-43A0-99EC-04711D910CF6} = {57E1ECA8-B142-4C98-A7DC-7819224C3303}
		{F6A66A51-2523-42E4-BD46-76841A68A047} = {48783C3A-C757-43A0-99EC-04711D910CF6}
		{BD011CCE-1650-4AA6-BE58-1CB4E6338013} = {48783C3A-C757-43A0-99EC-04711D910CF6}
		{8636EF39-309B-47B8-B7D4-E284FE321B5B} = {48783C3A-C757-43A0-99EC-04711D910CF6}
		{E93B88B3-6F4A-45B1-A930-5121757DC643} = {48783C3A-C757-43A0-99EC-04711D910CF6}
		{8479C38F-2C74-4F75-BE3A-249355BBED86} = {57E1ECA8-B142-4C98-A7DC-7819224C3303}
		{79DE6DCF-AC6D-40F3-A167-F5E3A00EDB1E} = {8479C38F-2C74-4F75-BE3A-249355BBED86}
		{81F373F5-3372-47F3-84CB-15ABF25A062D} = {57E1ECA8-B142-4C98-A7DC-7819224C3303}
		{5C5CB7EB-298D-4ED1-B038-B57EF3D6BD76} = {57E1ECA8-B142-4C98-A7DC-7819224C3303}
		{1F7F459C-647B-41B2-B50A-0A117E368BD7} = {57E1ECA8-B142-4C98-A7DC-7819224C3303}
	EndGlobalSection
	GlobalSection(ExtensibilityGlobals) = postSolution
		SolutionGuid = {5237A33D-C926-464D-86E6-68655D3D0524}
	EndGlobalSection
EndGlobal
